
Microsoft Visual Studio Solution File, Format Version 12.00
# Visual Studio Version 17
VisualStudioVersion = 17.2.32526.322
MinimumVisualStudioVersion = 10.0.40219.1
Project("{9A19103F-16F7-4668-BE54-9A1E7A4F7556}") = "HaleyRest", "HaleyRest\HaleyRest.csproj", "{4B25C6F3-CEC9-4D15-8463-17C77F9AC86F}"
EndProject
Project("{9A19103F-16F7-4668-BE54-9A1E7A4F7556}") = "HaleyRest.ConsoleTest", "__Test\HaleyRest.Console\HaleyRest.ConsoleTest.csproj", "{0B1E30C6-30F4-4302-9674-3CD51FB819B8}"
EndProject
Project("{FAE04EC0-301F-11D3-BF4B-00C04F79EFBC}") = "RestExamples", "__Test\RestExamples\RestExamples.csproj", "{E84B8944-B1C3-4FB1-BDCE-EDD593E5AF58}"
EndProject
Project("{9A19103F-16F7-4668-BE54-9A1E7A4F7556}") = "HTTPClientTester", "__Test\HTTPClientTester\HTTPClientTester.csproj", "{1B19F8EA-6BB5-4D51-8FD4-4AEC1EC872E2}"
EndProject
Project("{9A19103F-16F7-4668-BE54-9A1E7A4F7556}") = "HaleyHelpers", "..\HaleyHelpers\HaleyHelpers\HaleyHelpers.csproj", "{8433A9D8-D485-4F33-8489-A562056D33BB}"
EndProject
Project("{2150E333-8FDC-42A3-9474-1A3956D46DE8}") = "TEST", "TEST", "{8DE45A0F-C4DC-4D84-8282-452997E5CA47}"
EndProject
Project("{9A19103F-16F7-4668-BE54-9A1E7A4F7556}") = "RestCallTests", "__Test\RestCallTests\RestCallTests.csproj", "{D62BE8B4-A1F6-4400-93BA-5F2634A0F998}"
EndProject
Project("{9A19103F-16F7-4668-BE54-9A1E7A4F7556}") = "HaleyExtensions", "..\HaleyExtensions\HaleyExtensions\HaleyExtensions.csproj", "{3963E04E-2E4A-4AF8-8068-886473826A78}"
EndProject
Global
	GlobalSection(SolutionConfigurationPlatforms) = preSolution
		Debug|Any CPU = Debug|Any CPU
		Release|Any CPU = Release|Any CPU
	EndGlobalSection
	GlobalSection(ProjectConfigurationPlatforms) = postSolution
		{4B25C6F3-CEC9-4D15-8463-17C77F9AC86F}.Debug|Any CPU.ActiveCfg = Debug|Any CPU
		{4B25C6F3-CEC9-4D15-8463-17C77F9AC86F}.Debug|Any CPU.Build.0 = Debug|Any CPU
		{4B25C6F3-CEC9-4D15-8463-17C77F9AC86F}.Release|Any CPU.ActiveCfg = Release|Any CPU
		{4B25C6F3-CEC9-4D15-8463-17C77F9AC86F}.Release|Any CPU.Build.0 = Release|Any CPU
		{0B1E30C6-30F4-4302-9674-3CD51FB819B8}.Debug|Any CPU.ActiveCfg = Debug|Any CPU
		{0B1E30C6-30F4-4302-9674-3CD51FB819B8}.Debug|Any CPU.Build.0 = Debug|Any CPU
		{0B1E30C6-30F4-4302-9674-3CD51FB819B8}.Release|Any CPU.ActiveCfg = Release|Any CPU
		{0B1E30C6-30F4-4302-9674-3CD51FB819B8}.Release|Any CPU.Build.0 = Release|Any CPU
		{E84B8944-B1C3-4FB1-BDCE-EDD593E5AF58}.Debug|Any CPU.ActiveCfg = Debug|Any CPU
		{E84B8944-B1C3-4FB1-BDCE-EDD593E5AF58}.Debug|Any CPU.Build.0 = Debug|Any CPU
		{E84B8944-B1C3-4FB1-BDCE-EDD593E5AF58}.Release|Any CPU.ActiveCfg = Release|Any CPU
		{E84B8944-B1C3-4FB1-BDCE-EDD593E5AF58}.Release|Any CPU.Build.0 = Release|Any CPU
		{1B19F8EA-6BB5-4D51-8FD4-4AEC1EC872E2}.Debug|Any CPU.ActiveCfg = Debug|Any CPU
		{1B19F8EA-6BB5-4D51-8FD4-4AEC1EC872E2}.Debug|Any CPU.Build.0 = Debug|Any CPU
		{1B19F8EA-6BB5-4D51-8FD4-4AEC1EC872E2}.Release|Any CPU.ActiveCfg = Release|Any CPU
		{1B19F8EA-6BB5-4D51-8FD4-4AEC1EC872E2}.Release|Any CPU.Build.0 = Release|Any CPU
		{8433A9D8-D485-4F33-8489-A562056D33BB}.Debug|Any CPU.ActiveCfg = Debug|Any CPU
		{8433A9D8-D485-4F33-8489-A562056D33BB}.Debug|Any CPU.Build.0 = Debug|Any CPU
		{8433A9D8-D485-4F33-8489-A562056D33BB}.Release|Any CPU.ActiveCfg = Release|Any CPU
		{8433A9D8-D485-4F33-8489-A562056D33BB}.Release|Any CPU.Build.0 = Release|Any CPU
		{D62BE8B4-A1F6-4400-93BA-5F2634A0F998}.Debug|Any CPU.ActiveCfg = Debug|Any CPU
		{D62BE8B4-A1F6-4400-93BA-5F2634A0F998}.Debug|Any CPU.Build.0 = Debug|Any CPU
		{D62BE8B4-A1F6-4400-93BA-5F2634A0F998}.Release|Any CPU.ActiveCfg = Release|Any CPU
		{D62BE8B4-A1F6-4400-93BA-5F2634A0F998}.Release|Any CPU.Build.0 = Release|Any CPU
		{3963E04E-2E4A-4AF8-8068-886473826A78}.Debug|Any CPU.ActiveCfg = Debug|Any CPU
		{3963E04E-2E4A-4AF8-8068-886473826A78}.Debug|Any CPU.Build.0 = Debug|Any CPU
		{3963E04E-2E4A-4AF8-8068-886473826A78}.Release|Any CPU.ActiveCfg = Release|Any CPU
		{3963E04E-2E4A-4AF8-8068-886473826A78}.Release|Any CPU.Build.0 = Release|Any CPU
	EndGlobalSection
	GlobalSection(SolutionProperties) = preSolution
		HideSolutionNode = FALSE
	EndGlobalSection
	GlobalSection(NestedProjects) = preSolution
		{0B1E30C6-30F4-4302-9674-3CD51FB819B8} = {8DE45A0F-C4DC-4D84-8282-452997E5CA47}
		{E84B8944-B1C3-4FB1-BDCE-EDD593E5AF58} = {8DE45A0F-C4DC-4D84-8282-452997E5CA47}
		{1B19F8EA-6BB5-4D51-8FD4-4AEC1EC872E2} = {8DE45A0F-C4DC-4D84-8282-452997E5CA47}
		{D62BE8B4-A1F6-4400-93BA-5F2634A0F998} = {8DE45A0F-C4DC-4D84-8282-452997E5CA47}
	EndGlobalSection
	GlobalSection(ExtensibilityGlobals) = postSolution
		SolutionGuid = {2D992CC4-7837-4664-A260-F38CD8C93746}
	EndGlobalSection
EndGlobal
